
Microsoft Visual Studio Solution File, Format Version 12.00
# Visual Studio Version 16
VisualStudioVersion = 16.0.30717.126
MinimumVisualStudioVersion = 10.0.40219.1
Project("{FAE04EC0-301F-11D3-BF4B-00C04F79EFBC}") = "K102AgencyWeb", "K102AgencyWeb\K102AgencyWeb.csproj", "{F71EB6A7-C12E-465C-8EF5-CD9F8B545E06}"
EndProject
Global
	GlobalSection(SolutionConfigurationPlatforms) = preSolution
		Debug|Any CPU = Debug|Any CPU
		Release|Any CPU = Release|Any CPU
	EndGlobalSection
	GlobalSection(ProjectConfigurationPlatforms) = postSolution
		{F71EB6A7-C12E-465C-8EF5-CD9F8B545E06}.Debug|Any CPU.ActiveCfg = Debug|Any CPU
		{F71EB6A7-C12E-465C-8EF5-CD9F8B545E06}.Debug|Any CPU.Build.0 = Debug|Any CPU
		{F71EB6A7-C12E-465C-8EF5-CD9F8B545E06}.Release|Any CPU.ActiveCfg = Release|Any CPU
		{F71EB6A7-C12E-465C-8EF5-CD9F8B545E06}.Release|Any CPU.Build.0 = Release|Any CPU
	EndGlobalSection
	GlobalSection(SolutionProperties) = preSolution
		HideSolutionNode = FALSE
	EndGlobalSection
	GlobalSection(ExtensibilityGlobals) = postSolution
		SolutionGuid = {45405225-9124-4309-B07C-2B5B4153704B}
	EndGlobalSection
EndGlobal
